
Microsoft Visual Studio Solution File, Format Version 12.00
# Visual Studio 14
VisualStudioVersion = 14.0.24720.0
MinimumVisualStudioVersion = 10.0.40219.1
Project("{8BB2217D-0F2D-49D1-97BC-3654ED321F3B}") = "NPNelson.HTTPLogger", "src\NPNelson.HTTPLogger\NPNelson.HTTPLogger.xproj", "{13235CB6-90D0-413E-AEAA-A546D10C3F2D}"
EndProject
Project("{8BB2217D-0F2D-49D1-97BC-3654ED321F3B}") = "HTTPLoggerSampleSite", "sample\HTTPLoggerSampleSite\HTTPLoggerSampleSite.xproj", "{7B1BCEAF-250C-4F56-BB34-8D31104E70D6}"
EndProject
Global
	GlobalSection(SolutionConfigurationPlatforms) = preSolution
		Debug|Any CPU = Debug|Any CPU
		Release|Any CPU = Release|Any CPU
	EndGlobalSection
	GlobalSection(ProjectConfigurationPlatforms) = postSolution
		{13235CB6-90D0-413E-AEAA-A546D10C3F2D}.Debug|Any CPU.ActiveCfg = Debug|Any CPU
		{13235CB6-90D0-413E-AEAA-A546D10C3F2D}.Debug|Any CPU.Build.0 = Debug|Any CPU
		{13235CB6-90D0-413E-AEAA-A546D10C3F2D}.Release|Any CPU.ActiveCfg = Release|Any CPU
		{13235CB6-90D0-413E-AEAA-A546D10C3F2D}.Release|Any CPU.Build.0 = Release|Any CPU
		{7B1BCEAF-250C-4F56-BB34-8D31104E70D6}.Debug|Any CPU.ActiveCfg = Debug|Any CPU
		{7B1BCEAF-250C-4F56-BB34-8D31104E70D6}.Debug|Any CPU.Build.0 = Debug|Any CPU
		{7B1BCEAF-250C-4F56-BB34-8D31104E70D6}.Release|Any CPU.ActiveCfg = Release|Any CPU
		{7B1BCEAF-250C-4F56-BB34-8D31104E70D6}.Release|Any CPU.Build.0 = Release|Any CPU
	EndGlobalSection
	GlobalSection(SolutionProperties) = preSolution
		HideSolutionNode = FALSE
	EndGlobalSection
EndGlobal
